// !$*UTF8*$!
{
	archiveVersion = 1;
	classes = {
	};
	objectVersion = 45;
	objects = {

/* Begin PBXBuildFile section */
		1D3623260D0F684500981E51 /* AppDelegate.m in Sources */ = {isa = PBXBuildFile; fileRef = 1D3623250D0F684500981E51 /* AppDelegate.m */; };
		1D60589B0D05DD56006BFB54 /* main.m in Sources */ = {isa = PBXBuildFile; fileRef = 29B97316FDCFA39411CA2CEA /* main.m */; };
		1D60589F0D05DD5A006BFB54 /* Foundation.framework in Frameworks */ = {isa = PBXBuildFile; fileRef = 1D30AB110D05D00D00671497 /* Foundation.framework */; };
		1DF5F4E00D08C38300B7A737 /* UIKit.framework in Frameworks */ = {isa = PBXBuildFile; fileRef = 1DF5F4DF0D08C38300B7A737 /* UIKit.framework */; };
		288765FD0DF74451002DB57D /* CoreGraphics.framework in Frameworks */ = {isa = PBXBuildFile; fileRef = 288765FC0DF74451002DB57D /* CoreGraphics.framework */; };
		945AF198113F88C900F58A60 /* QuartzCore.framework in Frameworks */ = {isa = PBXBuildFile; fileRef = 945AF197113F88C900F58A60 /* QuartzCore.framework */; };
		945AF26E113F924900F58A60 /* MainView.m in Sources */ = {isa = PBXBuildFile; fileRef = 945AF26D113F924900F58A60 /* MainView.m */; };
		945AF369113F9B3500F58A60 /* UIImageAdditions.m in Sources */ = {isa = PBXBuildFile; fileRef = 945AF368113F9B3500F58A60 /* UIImageAdditions.m */; };
		945AF372113F9BF700F58A60 /* Icon.png in Resources */ = {isa = PBXBuildFile; fileRef = 945AF371113F9BF700F58A60 /* Icon.png */; };
		94D1CE77115964A30084B56B /* BusyViewController.m in Sources */ = {isa = PBXBuildFile; fileRef = 94D1CE59115964A30084B56B /* BusyViewController.m */; };
		94D1CE78115964A30084B56B /* CustomFontBase.m in Sources */ = {isa = PBXBuildFile; fileRef = 94D1CE5A115964A30084B56B /* CustomFontBase.m */; };
		94D1CE79115964A30084B56B /* FieldEditController.m in Sources */ = {isa = PBXBuildFile; fileRef = 94D1CE5B115964A30084B56B /* FieldEditController.m */; };
		94D1CE7A115964A30084B56B /* ImageButton.m in Sources */ = {isa = PBXBuildFile; fileRef = 94D1CE5C115964A30084B56B /* ImageButton.m */; };
		94D1CE7B115964A30084B56B /* ImagePickerController.m in Sources */ = {isa = PBXBuildFile; fileRef = 94D1CE5D115964A30084B56B /* ImagePickerController.m */; };
		94D1CE7C115964A30084B56B /* RCLabel.m in Sources */ = {isa = PBXBuildFile; fileRef = 94D1CE5E115964A30084B56B /* RCLabel.m */; };
		94D1CE7D115964A30084B56B /* rcloudlibconstants.m in Sources */ = {isa = PBXBuildFile; fileRef = 94D1CE5F115964A30084B56B /* rcloudlibconstants.m */; };
		94D1CE7E115964A30084B56B /* RoundedView.m in Sources */ = {isa = PBXBuildFile; fileRef = 94D1CE60115964A30084B56B /* RoundedView.m */; };
		94D1CE7F115964A30084B56B /* UIColor-Expanded.m in Sources */ = {isa = PBXBuildFile; fileRef = 94D1CE61115964A30084B56B /* UIColor-Expanded.m */; };
		94D1CE80115964A30084B56B /* UIImage-Expanded.m in Sources */ = {isa = PBXBuildFile; fileRef = 94D1CE62115964A30084B56B /* UIImage-Expanded.m */; };
		94D1CE81115964A30084B56B /* UITextView-Expanded.m in Sources */ = {isa = PBXBuildFile; fileRef = 94D1CE63115964A30084B56B /* UITextView-Expanded.m */; };
		94D1CE82115964A30084B56B /* UIView-Expanded.m in Sources */ = {isa = PBXBuildFile; fileRef = 94D1CE64115964A30084B56B /* UIView-Expanded.m */; };
		94D1CE83115964A30084B56B /* UIViewController-Expanded.m in Sources */ = {isa = PBXBuildFile; fileRef = 94D1CE65115964A30084B56B /* UIViewController-Expanded.m */; };
		94D1CE84115964A30084B56B /* Util.m in Sources */ = {isa = PBXBuildFile; fileRef = 94D1CE66115964A30084B56B /* Util.m */; };
/* End PBXBuildFile section */

/* Begin PBXContainerItemProxy section */
		94D1CEE7115967D70084B56B /* PBXContainerItemProxy */ = {
			isa = PBXContainerItemProxy;
			containerPortal = 94D1CEDE115967D70084B56B /* rcloudlib.xcodeproj */;
			proxyType = 2;
			remoteGlobalIDString = D2AAC07E0554694100DB518D;
			remoteInfo = rcloudlib;
		};
/* End PBXContainerItemProxy section */

/* Begin PBXFileReference section */
		1D30AB110D05D00D00671497 /* Foundation.framework */ = {isa = PBXFileReference; lastKnownFileType = wrapper.framework; name = Foundation.framework; path = System/Library/Frameworks/Foundation.framework; sourceTree = SDKROOT; };
		1D3623240D0F684500981E51 /* AppDelegate.h */ = {isa = PBXFileReference; fileEncoding = 4; lastKnownFileType = sourcecode.c.h; path = AppDelegate.h; sourceTree = "<group>"; };
		1D3623250D0F684500981E51 /* AppDelegate.m */ = {isa = PBXFileReference; fileEncoding = 4; lastKnownFileType = sourcecode.c.objc; path = AppDelegate.m; sourceTree = "<group>"; };
		1D6058910D05DD3D006BFB54 /* rccatalog.app */ = {isa = PBXFileReference; explicitFileType = wrapper.application; includeInIndex = 0; path = rccatalog.app; sourceTree = BUILT_PRODUCTS_DIR; };
		1DF5F4DF0D08C38300B7A737 /* UIKit.framework */ = {isa = PBXFileReference; lastKnownFileType = wrapper.framework; name = UIKit.framework; path = System/Library/Frameworks/UIKit.framework; sourceTree = SDKROOT; };
		288765FC0DF74451002DB57D /* CoreGraphics.framework */ = {isa = PBXFileReference; lastKnownFileType = wrapper.framework; name = CoreGraphics.framework; path = System/Library/Frameworks/CoreGraphics.framework; sourceTree = SDKROOT; };
		29B97316FDCFA39411CA2CEA /* main.m */ = {isa = PBXFileReference; fileEncoding = 4; lastKnownFileType = sourcecode.c.objc; path = main.m; sourceTree = "<group>"; };
		32CA4F630368D1EE00C91783 /* rccatalog_Prefix.pch */ = {isa = PBXFileReference; fileEncoding = 4; lastKnownFileType = sourcecode.c.h; path = rccatalog_Prefix.pch; sourceTree = "<group>"; };
		8D1107310486CEB800E47090 /* rccatalog-Info.plist */ = {isa = PBXFileReference; fileEncoding = 4; lastKnownFileType = text.plist.xml; path = "rccatalog-Info.plist"; plistStructureDefinitionIdentifier = "com.apple.xcode.plist.structure-definition.iphone.info-plist"; sourceTree = "<group>"; };
		945AF197113F88C900F58A60 /* QuartzCore.framework */ = {isa = PBXFileReference; lastKnownFileType = wrapper.framework; name = QuartzCore.framework; path = System/Library/Frameworks/QuartzCore.framework; sourceTree = SDKROOT; };
		945AF26C113F924800F58A60 /* MainView.h */ = {isa = PBXFileReference; fileEncoding = 4; lastKnownFileType = sourcecode.c.h; path = MainView.h; sourceTree = "<group>"; };
		945AF26D113F924900F58A60 /* MainView.m */ = {isa = PBXFileReference; fileEncoding = 4; lastKnownFileType = sourcecode.c.objc; path = MainView.m; sourceTree = "<group>"; };
		945AF367113F9B3500F58A60 /* UIImageAdditions.h */ = {isa = PBXFileReference; fileEncoding = 4; lastKnownFileType = sourcecode.c.h; path = UIImageAdditions.h; sourceTree = "<group>"; };
		945AF368113F9B3500F58A60 /* UIImageAdditions.m */ = {isa = PBXFileReference; fileEncoding = 4; lastKnownFileType = sourcecode.c.objc; path = UIImageAdditions.m; sourceTree = "<group>"; };
		945AF371113F9BF700F58A60 /* Icon.png */ = {isa = PBXFileReference; lastKnownFileType = image.png; path = Icon.png; sourceTree = "<group>"; };
		94D1CE59115964A30084B56B /* BusyViewController.m */ = {isa = PBXFileReference; fileEncoding = 4; lastKnownFileType = sourcecode.c.objc; path = BusyViewController.m; sourceTree = "<group>"; };
		94D1CE5A115964A30084B56B /* CustomFontBase.m */ = {isa = PBXFileReference; fileEncoding = 4; lastKnownFileType = sourcecode.c.objc; path = CustomFontBase.m; sourceTree = "<group>"; };
		94D1CE5B115964A30084B56B /* FieldEditController.m */ = {isa = PBXFileReference; fileEncoding = 4; lastKnownFileType = sourcecode.c.objc; path = FieldEditController.m; sourceTree = "<group>"; };
		94D1CE5C115964A30084B56B /* ImageButton.m */ = {isa = PBXFileReference; fileEncoding = 4; lastKnownFileType = sourcecode.c.objc; path = ImageButton.m; sourceTree = "<group>"; };
		94D1CE5D115964A30084B56B /* ImagePickerController.m */ = {isa = PBXFileReference; fileEncoding = 4; lastKnownFileType = sourcecode.c.objc; path = ImagePickerController.m; sourceTree = "<group>"; };
		94D1CE5E115964A30084B56B /* RCLabel.m */ = {isa = PBXFileReference; fileEncoding = 4; lastKnownFileType = sourcecode.c.objc; path = RCLabel.m; sourceTree = "<group>"; };
		94D1CE5F115964A30084B56B /* rcloudlibconstants.m */ = {isa = PBXFileReference; fileEncoding = 4; lastKnownFileType = sourcecode.c.objc; path = rcloudlibconstants.m; sourceTree = "<group>"; };
		94D1CE60115964A30084B56B /* RoundedView.m */ = {isa = PBXFileReference; fileEncoding = 4; lastKnownFileType = sourcecode.c.objc; path = RoundedView.m; sourceTree = "<group>"; };
		94D1CE61115964A30084B56B /* UIColor-Expanded.m */ = {isa = PBXFileReference; fileEncoding = 4; lastKnownFileType = sourcecode.c.objc; path = "UIColor-Expanded.m"; sourceTree = "<group>"; };
		94D1CE62115964A30084B56B /* UIImage-Expanded.m */ = {isa = PBXFileReference; fileEncoding = 4; lastKnownFileType = sourcecode.c.objc; path = "UIImage-Expanded.m"; sourceTree = "<group>"; };
		94D1CE63115964A30084B56B /* UITextView-Expanded.m */ = {isa = PBXFileReference; fileEncoding = 4; lastKnownFileType = sourcecode.c.objc; path = "UITextView-Expanded.m"; sourceTree = "<group>"; };
		94D1CE64115964A30084B56B /* UIView-Expanded.m */ = {isa = PBXFileReference; fileEncoding = 4; lastKnownFileType = sourcecode.c.objc; path = "UIView-Expanded.m"; sourceTree = "<group>"; };
		94D1CE65115964A30084B56B /* UIViewController-Expanded.m */ = {isa = PBXFileReference; fileEncoding = 4; lastKnownFileType = sourcecode.c.objc; path = "UIViewController-Expanded.m"; sourceTree = "<group>"; };
		94D1CE66115964A30084B56B /* Util.m */ = {isa = PBXFileReference; fileEncoding = 4; lastKnownFileType = sourcecode.c.objc; path = Util.m; sourceTree = "<group>"; };
		94D1CE68115964A30084B56B /* BusyViewController.h */ = {isa = PBXFileReference; fileEncoding = 4; lastKnownFileType = sourcecode.c.h; path = BusyViewController.h; sourceTree = "<group>"; };
		94D1CE69115964A30084B56B /* CustomFontBase.h */ = {isa = PBXFileReference; fileEncoding = 4; lastKnownFileType = sourcecode.c.h; path = CustomFontBase.h; sourceTree = "<group>"; };
		94D1CE6A115964A30084B56B /* FieldEditController.h */ = {isa = PBXFileReference; fileEncoding = 4; lastKnownFileType = sourcecode.c.h; path = FieldEditController.h; sourceTree = "<group>"; };
		94D1CE6B115964A30084B56B /* ImageButton.h */ = {isa = PBXFileReference; fileEncoding = 4; lastKnownFileType = sourcecode.c.h; path = ImageButton.h; sourceTree = "<group>"; };
		94D1CE6C115964A30084B56B /* ImagePickerController.h */ = {isa = PBXFileReference; fileEncoding = 4; lastKnownFileType = sourcecode.c.h; path = ImagePickerController.h; sourceTree = "<group>"; };
		94D1CE6D115964A30084B56B /* RCLabel.h */ = {isa = PBXFileReference; fileEncoding = 4; lastKnownFileType = sourcecode.c.h; path = RCLabel.h; sourceTree = "<group>"; };
		94D1CE6E115964A30084B56B /* rcloudlib.h */ = {isa = PBXFileReference; fileEncoding = 4; lastKnownFileType = sourcecode.c.h; path = rcloudlib.h; sourceTree = "<group>"; };
		94D1CE6F115964A30084B56B /* rcloudlibconstants.h */ = {isa = PBXFileReference; fileEncoding = 4; lastKnownFileType = sourcecode.c.h; path = rcloudlibconstants.h; sourceTree = "<group>"; };
		94D1CE70115964A30084B56B /* RoundedView.h */ = {isa = PBXFileReference; fileEncoding = 4; lastKnownFileType = sourcecode.c.h; path = RoundedView.h; sourceTree = "<group>"; };
		94D1CE71115964A30084B56B /* UIColor-Expanded.h */ = {isa = PBXFileReference; fileEncoding = 4; lastKnownFileType = sourcecode.c.h; path = "UIColor-Expanded.h"; sourceTree = "<group>"; };
		94D1CE72115964A30084B56B /* UIImage-Expanded.h */ = {isa = PBXFileReference; fileEncoding = 4; lastKnownFileType = sourcecode.c.h; path = "UIImage-Expanded.h"; sourceTree = "<group>"; };
		94D1CE73115964A30084B56B /* UITextView-Expanded.h */ = {isa = PBXFileReference; fileEncoding = 4; lastKnownFileType = sourcecode.c.h; path = "UITextView-Expanded.h"; sourceTree = "<group>"; };
		94D1CE74115964A30084B56B /* UIView-Expanded.h */ = {isa = PBXFileReference; fileEncoding = 4; lastKnownFileType = sourcecode.c.h; path = "UIView-Expanded.h"; sourceTree = "<group>"; };
		94D1CE75115964A30084B56B /* UIViewController-Expanded.h */ = {isa = PBXFileReference; fileEncoding = 4; lastKnownFileType = sourcecode.c.h; path = "UIViewController-Expanded.h"; sourceTree = "<group>"; };
		94D1CE76115964A30084B56B /* Util.h */ = {isa = PBXFileReference; fileEncoding = 4; lastKnownFileType = sourcecode.c.h; path = Util.h; sourceTree = "<group>"; };
		94D1CED9115967D70084B56B /* ControllerTemplates.txt */ = {isa = PBXFileReference; fileEncoding = 4; lastKnownFileType = text; name = ControllerTemplates.txt; path = ../../ControllerTemplates.txt; sourceTree = SOURCE_ROOT; };
		94D1CEDB115967D70084B56B /* 1_bar_table_transcorners.png */ = {isa = PBXFileReference; lastKnownFileType = image.png; path = 1_bar_table_transcorners.png; sourceTree = "<group>"; };
		94D1CEDC115967D70084B56B /* License.txt */ = {isa = PBXFileReference; fileEncoding = 4; lastKnownFileType = text; name = License.txt; path = ../../License.txt; sourceTree = SOURCE_ROOT; };
		94D1CEDD115967D70084B56B /* rcloudlib_Prefix.pch */ = {isa = PBXFileReference; fileEncoding = 4; lastKnownFileType = sourcecode.c.h; name = rcloudlib_Prefix.pch; path = ../../rcloudlib_Prefix.pch; sourceTree = SOURCE_ROOT; };
		94D1CEDE115967D70084B56B /* rcloudlib.xcodeproj */ = {isa = PBXFileReference; lastKnownFileType = "wrapper.pb-project"; name = rcloudlib.xcodeproj; path = ../../rcloudlib.xcodeproj; sourceTree = SOURCE_ROOT; };
		94D1CEE1115967D70084B56B /* Readme.txt */ = {isa = PBXFileReference; fileEncoding = 4; lastKnownFileType = text; name = Readme.txt; path = ../../Readme.txt; sourceTree = SOURCE_ROOT; };
		94D1CEE2115967D70084B56B /* UIControlTemplates.txt */ = {isa = PBXFileReference; fileEncoding = 4; lastKnownFileType = text; name = UIControlTemplates.txt; path = ../../UIControlTemplates.txt; sourceTree = SOURCE_ROOT; };
		94D1CEF31159683D0084B56B /* defines_device_AppDelegate.txt */ = {isa = PBXFileReference; fileEncoding = 4; lastKnownFileType = text; path = defines_device_AppDelegate.txt; sourceTree = "<group>"; };
		94D1CEF41159683D0084B56B /* defines_simulator_AppDelegate.txt */ = {isa = PBXFileReference; fileEncoding = 4; lastKnownFileType = text; path = defines_simulator_AppDelegate.txt; sourceTree = "<group>"; };
/* End PBXFileReference section */

/* Begin PBXFrameworksBuildPhase section */
		1D60588F0D05DD3D006BFB54 /* Frameworks */ = {
			isa = PBXFrameworksBuildPhase;
			buildActionMask = 2147483647;
			files = (
				1D60589F0D05DD5A006BFB54 /* Foundation.framework in Frameworks */,
				1DF5F4E00D08C38300B7A737 /* UIKit.framework in Frameworks */,
				288765FD0DF74451002DB57D /* CoreGraphics.framework in Frameworks */,
				945AF198113F88C900F58A60 /* QuartzCore.framework in Frameworks */,
			);
			runOnlyForDeploymentPostprocessing = 0;
		};
/* End PBXFrameworksBuildPhase section */

/* Begin PBXGroup section */
		080E96DDFE201D6D7F000001 /* Classes */ = {
			isa = PBXGroup;
			children = (
				1D3623240D0F684500981E51 /* AppDelegate.h */,
				1D3623250D0F684500981E51 /* AppDelegate.m */,
				945AF26C113F924800F58A60 /* MainView.h */,
				945AF26D113F924900F58A60 /* MainView.m */,
				945AF367113F9B3500F58A60 /* UIImageAdditions.h */,
				945AF368113F9B3500F58A60 /* UIImageAdditions.m */,
			);
			path = Classes;
			sourceTree = "<group>";
		};
		19C28FACFE9D520D11CA2CBB /* Products */ = {
			isa = PBXGroup;
			children = (
				1D6058910D05DD3D006BFB54 /* rccatalog.app */,
			);
			name = Products;
			sourceTree = "<group>";
		};
		29B97314FDCFA39411CA2CEA /* CustomTemplate */ = {
			isa = PBXGroup;
			children = (
				080E96DDFE201D6D7F000001 /* Classes */,
				29B97315FDCFA39411CA2CEA /* Other Sources */,
				29B97317FDCFA39411CA2CEA /* Resources */,
				945AF174113F864200F58A60 /* Libraries */,
				29B97323FDCFA39411CA2CEA /* Frameworks */,
				19C28FACFE9D520D11CA2CBB /* Products */,
			);
			name = CustomTemplate;
			sourceTree = "<group>";
		};
		29B97315FDCFA39411CA2CEA /* Other Sources */ = {
			isa = PBXGroup;
			children = (
				32CA4F630368D1EE00C91783 /* rccatalog_Prefix.pch */,
				29B97316FDCFA39411CA2CEA /* main.m */,
			);
			name = "Other Sources";
			sourceTree = "<group>";
		};
		29B97317FDCFA39411CA2CEA /* Resources */ = {
			isa = PBXGroup;
			children = (
				945AF371113F9BF700F58A60 /* Icon.png */,
				8D1107310486CEB800E47090 /* rccatalog-Info.plist */,
			);
			name = Resources;
			sourceTree = "<group>";
		};
		29B97323FDCFA39411CA2CEA /* Frameworks */ = {
			isa = PBXGroup;
			children = (
				1DF5F4DF0D08C38300B7A737 /* UIKit.framework */,
				1D30AB110D05D00D00671497 /* Foundation.framework */,
				288765FC0DF74451002DB57D /* CoreGraphics.framework */,
				945AF197113F88C900F58A60 /* QuartzCore.framework */,
			);
			name = Frameworks;
			sourceTree = "<group>";
		};
		945AF174113F864200F58A60 /* Libraries */ = {
			isa = PBXGroup;
			children = (
				94D1CEE9115967E20084B56B /* Reference Only */,
				94D1CEDA115967D70084B56B /* Images */,
				94D1CE58115964A30084B56B /* Classes */,
				94D1CE67115964A30084B56B /* include */,
			);
			name = Libraries;
			sourceTree = "<group>";
		};
		94D1CE58115964A30084B56B /* Classes */ = {
			isa = PBXGroup;
			children = (
				94D1CE59115964A30084B56B /* BusyViewController.m */,
				94D1CE5A115964A30084B56B /* CustomFontBase.m */,
				94D1CE5B115964A30084B56B /* FieldEditController.m */,
				94D1CE5C115964A30084B56B /* ImageButton.m */,
				94D1CE5D115964A30084B56B /* ImagePickerController.m */,
				94D1CE5E115964A30084B56B /* RCLabel.m */,
				94D1CE5F115964A30084B56B /* rcloudlibconstants.m */,
				94D1CE60115964A30084B56B /* RoundedView.m */,
				94D1CE61115964A30084B56B /* UIColor-Expanded.m */,
				94D1CE62115964A30084B56B /* UIImage-Expanded.m */,
				94D1CE63115964A30084B56B /* UITextView-Expanded.m */,
				94D1CE64115964A30084B56B /* UIView-Expanded.m */,
				94D1CE65115964A30084B56B /* UIViewController-Expanded.m */,
				94D1CE66115964A30084B56B /* Util.m */,
			);
			name = Classes;
			path = ../../Classes;
			sourceTree = SOURCE_ROOT;
		};
		94D1CE67115964A30084B56B /* include */ = {
			isa = PBXGroup;
			children = (
				94D1CE68115964A30084B56B /* BusyViewController.h */,
				94D1CE69115964A30084B56B /* CustomFontBase.h */,
				94D1CE6A115964A30084B56B /* FieldEditController.h */,
				94D1CE6B115964A30084B56B /* ImageButton.h */,
				94D1CE6C115964A30084B56B /* ImagePickerController.h */,
				94D1CE6D115964A30084B56B /* RCLabel.h */,
				94D1CE6E115964A30084B56B /* rcloudlib.h */,
				94D1CE6F115964A30084B56B /* rcloudlibconstants.h */,
				94D1CE70115964A30084B56B /* RoundedView.h */,
				94D1CE71115964A30084B56B /* UIColor-Expanded.h */,
				94D1CE72115964A30084B56B /* UIImage-Expanded.h */,
				94D1CE73115964A30084B56B /* UITextView-Expanded.h */,
				94D1CE74115964A30084B56B /* UIView-Expanded.h */,
				94D1CE75115964A30084B56B /* UIViewController-Expanded.h */,
				94D1CE76115964A30084B56B /* Util.h */,
			);
			name = include;
			path = ../../include;
			sourceTree = SOURCE_ROOT;
		};
		94D1CEDA115967D70084B56B /* Images */ = {
			isa = PBXGroup;
			children = (
				94D1CEDB115967D70084B56B /* 1_bar_table_transcorners.png */,
			);
			name = Images;
			path = ../../Images;
			sourceTree = SOURCE_ROOT;
		};
		94D1CEDF115967D70084B56B /* Products */ = {
			isa = PBXGroup;
			children = (
				94D1CEE8115967D70084B56B /* librcloudlib.a */,
			);
			name = Products;
			sourceTree = "<group>";
		};
		94D1CEE9115967E20084B56B /* Reference Only */ = {
			isa = PBXGroup;
			children = (
				94D1CEF31159683D0084B56B /* defines_device_AppDelegate.txt */,
				94D1CEF41159683D0084B56B /* defines_simulator_AppDelegate.txt */,
				94D1CED9115967D70084B56B /* ControllerTemplates.txt */,
				94D1CEDC115967D70084B56B /* License.txt */,
				94D1CEDD115967D70084B56B /* rcloudlib_Prefix.pch */,
				94D1CEDE115967D70084B56B /* rcloudlib.xcodeproj */,
				94D1CEE1115967D70084B56B /* Readme.txt */,
				94D1CEE2115967D70084B56B /* UIControlTemplates.txt */,
			);
			name = "Reference Only";
			sourceTree = "<group>";
		};
/* End PBXGroup section */

/* Begin PBXNativeTarget section */
		1D6058900D05DD3D006BFB54 /* rccatalog */ = {
			isa = PBXNativeTarget;
			buildConfigurationList = 1D6058960D05DD3E006BFB54 /* Build configuration list for PBXNativeTarget "rccatalog" */;
			buildPhases = (
				1D60588D0D05DD3D006BFB54 /* Resources */,
				1D60588E0D05DD3D006BFB54 /* Sources */,
				1D60588F0D05DD3D006BFB54 /* Frameworks */,
			);
			buildRules = (
			);
			dependencies = (
			);
			name = rccatalog;
			productName = rccatalog;
			productReference = 1D6058910D05DD3D006BFB54 /* rccatalog.app */;
			productType = "com.apple.product-type.application";
		};
/* End PBXNativeTarget section */

/* Begin PBXProject section */
		29B97313FDCFA39411CA2CEA /* Project object */ = {
			isa = PBXProject;
			buildConfigurationList = C01FCF4E08A954540054247B /* Build configuration list for PBXProject "rccatalog" */;
			compatibilityVersion = "Xcode 3.1";
			hasScannedForEncodings = 1;
			mainGroup = 29B97314FDCFA39411CA2CEA /* CustomTemplate */;
			projectDirPath = "";
			projectReferences = (
				{
					ProductGroup = 94D1CEDF115967D70084B56B /* Products */;
					ProjectRef = 94D1CEDE115967D70084B56B /* rcloudlib.xcodeproj */;
				},
			);
			projectRoot = "";
			targets = (
				1D6058900D05DD3D006BFB54 /* rccatalog */,
			);
		};
/* End PBXProject section */

/* Begin PBXReferenceProxy section */
		94D1CEE8115967D70084B56B /* librcloudlib.a */ = {
			isa = PBXReferenceProxy;
			fileType = archive.ar;
			path = librcloudlib.a;
			remoteRef = 94D1CEE7115967D70084B56B /* PBXContainerItemProxy */;
			sourceTree = BUILT_PRODUCTS_DIR;
		};
/* End PBXReferenceProxy section */

/* Begin PBXResourcesBuildPhase section */
		1D60588D0D05DD3D006BFB54 /* Resources */ = {
			isa = PBXResourcesBuildPhase;
			buildActionMask = 2147483647;
			files = (
				945AF372113F9BF700F58A60 /* Icon.png in Resources */,
			);
			runOnlyForDeploymentPostprocessing = 0;
		};
/* End PBXResourcesBuildPhase section */

/* Begin PBXSourcesBuildPhase section */
		1D60588E0D05DD3D006BFB54 /* Sources */ = {
			isa = PBXSourcesBuildPhase;
			buildActionMask = 2147483647;
			files = (
				1D60589B0D05DD56006BFB54 /* main.m in Sources */,
				1D3623260D0F684500981E51 /* AppDelegate.m in Sources */,
				945AF26E113F924900F58A60 /* MainView.m in Sources */,
				945AF369113F9B3500F58A60 /* UIImageAdditions.m in Sources */,
				94D1CE77115964A30084B56B /* BusyViewController.m in Sources */,
				94D1CE78115964A30084B56B /* CustomFontBase.m in Sources */,
				94D1CE79115964A30084B56B /* FieldEditController.m in Sources */,
				94D1CE7A115964A30084B56B /* ImageButton.m in Sources */,
				94D1CE7B115964A30084B56B /* ImagePickerController.m in Sources */,
				94D1CE7C115964A30084B56B /* RCLabel.m in Sources */,
				94D1CE7D115964A30084B56B /* rcloudlibconstants.m in Sources */,
				94D1CE7E115964A30084B56B /* RoundedView.m in Sources */,
				94D1CE7F115964A30084B56B /* UIColor-Expanded.m in Sources */,
				94D1CE80115964A30084B56B /* UIImage-Expanded.m in Sources */,
				94D1CE81115964A30084B56B /* UITextView-Expanded.m in Sources */,
				94D1CE82115964A30084B56B /* UIView-Expanded.m in Sources */,
				94D1CE83115964A30084B56B /* UIViewController-Expanded.m in Sources */,
				94D1CE84115964A30084B56B /* Util.m in Sources */,
			);
			runOnlyForDeploymentPostprocessing = 0;
		};
/* End PBXSourcesBuildPhase section */

/* Begin XCBuildConfiguration section */
		1D6058940D05DD3E006BFB54 /* Debug */ = {
			isa = XCBuildConfiguration;
			buildSettings = {
				ALWAYS_SEARCH_USER_PATHS = NO;
				COPY_PHASE_STRIP = NO;
				GCC_DYNAMIC_NO_PIC = NO;
				GCC_OPTIMIZATION_LEVEL = 0;
				GCC_PRECOMPILE_PREFIX_HEADER = YES;
				GCC_PREFIX_HEADER = rccatalog_Prefix.pch;
				HEADER_SEARCH_PATHS = "${PROJECT_DIR}/../../../rcloudlib/build/${BUILD_STYLE}-${PLATFORM_NAME}/usr/local/include";
				INFOPLIST_FILE = "rccatalog-Info.plist";
				PRODUCT_NAME = rccatalog;
			};
			name = Debug;
		};
		1D6058950D05DD3E006BFB54 /* Release */ = {
			isa = XCBuildConfiguration;
			buildSettings = {
				ALWAYS_SEARCH_USER_PATHS = NO;
				COPY_PHASE_STRIP = YES;
				GCC_PRECOMPILE_PREFIX_HEADER = YES;
				GCC_PREFIX_HEADER = rccatalog_Prefix.pch;
				HEADER_SEARCH_PATHS = "${PROJECT_DIR}/../../../rcloudlib/build/${BUILD_STYLE}-${PLATFORM_NAME}/usr/local/include";
				INFOPLIST_FILE = "rccatalog-Info.plist";
				PRODUCT_NAME = rccatalog;
			};
			name = Release;
		};
		C01FCF4F08A954540054247B /* Debug */ = {
			isa = XCBuildConfiguration;
			buildSettings = {
				ARCHS = "$(ARCHS_STANDARD_32_BIT)";
				"CODE_SIGN_IDENTITY[sdk=iphoneos*]" = "iPhone Developer: Ryan Stubblefield (53P447PP5L)";
				GCC_C_LANGUAGE_STANDARD = c99;
				GCC_WARN_ABOUT_RETURN_TYPE = YES;
				GCC_WARN_UNUSED_VARIABLE = YES;
				OTHER_CFLAGS = "";
				OTHER_LDFLAGS = (
					"-all_load",
					"-ObjC",
				);
				PREBINDING = NO;
				"PROVISIONING_PROFILE[sdk=iphoneos*]" = "A9257B75-32AE-4CFE-BBC1-4819FCB1F7F9";
				SDKROOT = iphoneos3.1.3;
			};
			name = Debug;
		};
		C01FCF5008A954540054247B /* Release */ = {
			isa = XCBuildConfiguration;
			buildSettings = {
				ARCHS = "$(ARCHS_STANDARD_32_BIT)";
				"CODE_SIGN_IDENTITY[sdk=iphoneos*]" = "iPhone Developer";
				GCC_C_LANGUAGE_STANDARD = c99;
				GCC_WARN_ABOUT_RETURN_TYPE = YES;
				GCC_WARN_UNUSED_VARIABLE = YES;
				OTHER_LDFLAGS = (
					"-all_load",
					"-ObjC",
				);
				PREBINDING = NO;
				SDKROOT = iphoneos3.1.3;
			};
			name = Release;
		};
/* End XCBuildConfiguration section */

/* Begin XCConfigurationList section */
		1D6058960D05DD3E006BFB54 /* Build configuration list for PBXNativeTarget "rccatalog" */ = {
			isa = XCConfigurationList;
			buildConfigurations = (
				1D6058940D05DD3E006BFB54 /* Debug */,
				1D6058950D05DD3E006BFB54 /* Release */,
			);
			defaultConfigurationIsVisible = 0;
			defaultConfigurationName = Release;
		};
		C01FCF4E08A954540054247B /* Build configuration list for PBXProject "rccatalog" */ = {
			isa = XCConfigurationList;
			buildConfigurations = (
				C01FCF4F08A954540054247B /* Debug */,
				C01FCF5008A954540054247B /* Release */,
			);
			defaultConfigurationIsVisible = 0;
			defaultConfigurationName = Release;
		};
/* End XCConfigurationList section */
	};
	rootObject = 29B97313FDCFA39411CA2CEA /* Project object */;
}
